// !$*UTF8*$!
{
	archiveVersion = 1;
	classes = {
	};
	objectVersion = 46;
	objects = {

/* Begin PBXBuildFile section */
		236FA03DAEDE4E09BCCDE575 /* poSpritesheetAnimation.cpp in Sources */ = {isa = PBXBuildFile; fileRef = 27C780B5CB3B43738BDF2C24 /* poSpritesheetAnimation.cpp */; };
		32CF7D9C1FBD1E37008B77C9 /* _DragAndDrop.cpp in Sources */ = {isa = PBXBuildFile; fileRef = 32CF6C1B1FBD1E31008B77C9 /* _DragAndDrop.cpp */; };
		32CF7D9D1FBD1E37008B77C9 /* _DraggableView.cpp in Sources */ = {isa = PBXBuildFile; fileRef = 32CF6C1C1FBD1E31008B77C9 /* _DraggableView.cpp */; };
		32CF7D9E1FBD1E37008B77C9 /* _EventCenter.cpp in Sources */ = {isa = PBXBuildFile; fileRef = 32CF6C1D1FBD1E31008B77C9 /* _EventCenter.cpp */; };
		32CF7D9F1FBD1E37008B77C9 /* _Events.cpp in Sources */ = {isa = PBXBuildFile; fileRef = 32CF6C1E1FBD1E31008B77C9 /* _Events.cpp */; };
		32CF7DA01FBD1E37008B77C9 /* _ImageView.cpp in Sources */ = {isa = PBXBuildFile; fileRef = 32CF6C1F1FBD1E31008B77C9 /* _ImageView.cpp */; };
		32CF7DA11FBD1E37008B77C9 /* _MatrixSet.cpp in Sources */ = {isa = PBXBuildFile; fileRef = 32CF6C201FBD1E31008B77C9 /* _MatrixSet.cpp */; };
		32CF7DA21FBD1E37008B77C9 /* _Scene.cpp in Sources */ = {isa = PBXBuildFile; fileRef = 32CF6C211FBD1E31008B77C9 /* _Scene.cpp */; };
		32CF7DA31FBD1E37008B77C9 /* _ShapeView.cpp in Sources */ = {isa = PBXBuildFile; fileRef = 32CF6C221FBD1E31008B77C9 /* _ShapeView.cpp */; };
		32CF7DA41FBD1E37008B77C9 /* _TextView.cpp in Sources */ = {isa = PBXBuildFile; fileRef = 32CF6C231FBD1E31008B77C9 /* _TextView.cpp */; };
		32CF7DA51FBD1E37008B77C9 /* _View.cpp in Sources */ = {isa = PBXBuildFile; fileRef = 32CF6C241FBD1E31008B77C9 /* _View.cpp */; };
		32CF7DA61FBD1E37008B77C9 /* _ViewController.cpp in Sources */ = {isa = PBXBuildFile; fileRef = 32CF6C251FBD1E31008B77C9 /* _ViewController.cpp */; };
		32CF7DA71FBD1E37008B77C9 /* _Button.cpp in Sources */ = {isa = PBXBuildFile; fileRef = 32CF6C311FBD1E31008B77C9 /* _Button.cpp */; };
		32CF7DA81FBD1E37008B77C9 /* _ButtonSet.cpp in Sources */ = {isa = PBXBuildFile; fileRef = 32CF6C321FBD1E31008B77C9 /* _ButtonSet.cpp */; };
		32CF7DA91FBD1E37008B77C9 /* _ScrollView.cpp in Sources */ = {isa = PBXBuildFile; fileRef = 32CF6C331FBD1E31008B77C9 /* _ScrollView.cpp */; };
		32CF7DB61FBD1F56008B77C9 /* SpriteView.cpp in Sources */ = {isa = PBXBuildFile; fileRef = 32CF7DB51FBD1F56008B77C9 /* SpriteView.cpp */; };
		32CF80EC1FBD2471008B77C9 /* IOSurface.framework in Frameworks */ = {isa = PBXBuildFile; fileRef = 32CF80D21FBD23D8008B77C9 /* IOSurface.framework */; };
		32CF80ED1FBD2471008B77C9 /* IOKit.framework in Frameworks */ = {isa = PBXBuildFile; fileRef = 32CF80D11FBD23D2008B77C9 /* IOKit.framework */; };
		32CF80EE1FBD2471008B77C9 /* Cocoa.framework in Frameworks */ = {isa = PBXBuildFile; fileRef = 32CF80D01FBD23CD008B77C9 /* Cocoa.framework */; };
		32CF80EF1FBD2471008B77C9 /* OpenGL.framework in Frameworks */ = {isa = PBXBuildFile; fileRef = 32CF80CF1FBD23C8008B77C9 /* OpenGL.framework */; };
		32CF80F01FBD2471008B77C9 /* CoreVideo.framework in Frameworks */ = {isa = PBXBuildFile; fileRef = 32CF80CE1FBD23C2008B77C9 /* CoreVideo.framework */; };
		32CF80F11FBD2471008B77C9 /* CoreAudio.framework in Frameworks */ = {isa = PBXBuildFile; fileRef = 32CF80CD1FBD23B9008B77C9 /* CoreAudio.framework */; };
		32CF80F21FBD2471008B77C9 /* AudioUnit.framework in Frameworks */ = {isa = PBXBuildFile; fileRef = 32CF80CC1FBD23B3008B77C9 /* AudioUnit.framework */; };
		32CF80F31FBD2471008B77C9 /* AudioToolbox.framework in Frameworks */ = {isa = PBXBuildFile; fileRef = 32CF80CB1FBD23AD008B77C9 /* AudioToolbox.framework */; };
		32CF80F41FBD2471008B77C9 /* Accelerate.framework in Frameworks */ = {isa = PBXBuildFile; fileRef = 32CF80CA1FBD23A3008B77C9 /* Accelerate.framework */; };
		32CF80F51FBD2471008B77C9 /* CoreMedia.framework in Frameworks */ = {isa = PBXBuildFile; fileRef = 32CF80C91FBD239D008B77C9 /* CoreMedia.framework */; };
		32CF80F61FBD2471008B77C9 /* AVFoundation.framework in Frameworks */ = {isa = PBXBuildFile; fileRef = 32CF80C81FBD2392008B77C9 /* AVFoundation.framework */; };
		5CB8F741B7334295BFEBD155 /* SpritesheetFrameApp.cpp in Sources */ = {isa = PBXBuildFile; fileRef = DA2B980F1B4F447D9310E27F /* SpritesheetFrameApp.cpp */; };
		607681B84D284AB9A1224E40 /* poSpritesheet.cpp in Sources */ = {isa = PBXBuildFile; fileRef = 91B192C5293A48619DC990CB /* poSpritesheet.cpp */; };
		E57E37A6BBA8406EA8D1F737 /* CinderApp.icns in Resources */ = {isa = PBXBuildFile; fileRef = E340C27B87334ACBB3B3C422 /* CinderApp.icns */; };
/* End PBXBuildFile section */

/* Begin PBXFileReference section */
		27C780B5CB3B43738BDF2C24 /* poSpritesheetAnimation.cpp */ = {isa = PBXFileReference; lastKnownFileType = sourcecode.c.cpp; name = poSpritesheetAnimation.cpp; path = ../../../src/poSpritesheet/poSpritesheetAnimation.cpp; sourceTree = "<group>"; };
		32CF6C1B1FBD1E31008B77C9 /* _DragAndDrop.cpp */ = {isa = PBXFileReference; fileEncoding = 4; lastKnownFileType = sourcecode.cpp.cpp; path = _DragAndDrop.cpp; sourceTree = "<group>"; };
		32CF6C1C1FBD1E31008B77C9 /* _DraggableView.cpp */ = {isa = PBXFileReference; fileEncoding = 4; lastKnownFileType = sourcecode.cpp.cpp; path = _DraggableView.cpp; sourceTree = "<group>"; };
		32CF6C1D1FBD1E31008B77C9 /* _EventCenter.cpp */ = {isa = PBXFileReference; fileEncoding = 4; lastKnownFileType = sourcecode.cpp.cpp; path = _EventCenter.cpp; sourceTree = "<group>"; };
		32CF6C1E1FBD1E31008B77C9 /* _Events.cpp */ = {isa = PBXFileReference; fileEncoding = 4; lastKnownFileType = sourcecode.cpp.cpp; path = _Events.cpp; sourceTree = "<group>"; };
		32CF6C1F1FBD1E31008B77C9 /* _ImageView.cpp */ = {isa = PBXFileReference; fileEncoding = 4; lastKnownFileType = sourcecode.cpp.cpp; path = _ImageView.cpp; sourceTree = "<group>"; };
		32CF6C201FBD1E31008B77C9 /* _MatrixSet.cpp */ = {isa = PBXFileReference; fileEncoding = 4; lastKnownFileType = sourcecode.cpp.cpp; path = _MatrixSet.cpp; sourceTree = "<group>"; };
		32CF6C211FBD1E31008B77C9 /* _Scene.cpp */ = {isa = PBXFileReference; fileEncoding = 4; lastKnownFileType = sourcecode.cpp.cpp; path = _Scene.cpp; sourceTree = "<group>"; };
		32CF6C221FBD1E31008B77C9 /* _ShapeView.cpp */ = {isa = PBXFileReference; fileEncoding = 4; lastKnownFileType = sourcecode.cpp.cpp; path = _ShapeView.cpp; sourceTree = "<group>"; };
		32CF6C231FBD1E31008B77C9 /* _TextView.cpp */ = {isa = PBXFileReference; fileEncoding = 4; lastKnownFileType = sourcecode.cpp.cpp; path = _TextView.cpp; sourceTree = "<group>"; };
		32CF6C241FBD1E31008B77C9 /* _View.cpp */ = {isa = PBXFileReference; fileEncoding = 4; lastKnownFileType = sourcecode.cpp.cpp; path = _View.cpp; sourceTree = "<group>"; };
		32CF6C251FBD1E31008B77C9 /* _ViewController.cpp */ = {isa = PBXFileReference; fileEncoding = 4; lastKnownFileType = sourcecode.cpp.cpp; path = _ViewController.cpp; sourceTree = "<group>"; };
		32CF6C261FBD1E31008B77C9 /* DragAndDrop.h */ = {isa = PBXFileReference; fileEncoding = 4; lastKnownFileType = sourcecode.c.h; path = DragAndDrop.h; sourceTree = "<group>"; };
		32CF6C271FBD1E31008B77C9 /* DraggableView.h */ = {isa = PBXFileReference; fileEncoding = 4; lastKnownFileType = sourcecode.c.h; path = DraggableView.h; sourceTree = "<group>"; };
		32CF6C281FBD1E31008B77C9 /* EventCenter.h */ = {isa = PBXFileReference; fileEncoding = 4; lastKnownFileType = sourcecode.c.h; path = EventCenter.h; sourceTree = "<group>"; };
		32CF6C291FBD1E31008B77C9 /* Events.h */ = {isa = PBXFileReference; fileEncoding = 4; lastKnownFileType = sourcecode.c.h; path = Events.h; sourceTree = "<group>"; };
		32CF6C2A1FBD1E31008B77C9 /* ImageView.h */ = {isa = PBXFileReference; fileEncoding = 4; lastKnownFileType = sourcecode.c.h; path = ImageView.h; sourceTree = "<group>"; };
		32CF6C2B1FBD1E31008B77C9 /* MatrixSet.h */ = {isa = PBXFileReference; fileEncoding = 4; lastKnownFileType = sourcecode.c.h; path = MatrixSet.h; sourceTree = "<group>"; };
		32CF6C2C1FBD1E31008B77C9 /* Scene.h */ = {isa = PBXFileReference; fileEncoding = 4; lastKnownFileType = sourcecode.c.h; path = Scene.h; sourceTree = "<group>"; };
		32CF6C2D1FBD1E31008B77C9 /* ShapeView.h */ = {isa = PBXFileReference; fileEncoding = 4; lastKnownFileType = sourcecode.c.h; path = ShapeView.h; sourceTree = "<group>"; };
		32CF6C2E1FBD1E31008B77C9 /* TextureFit.h */ = {isa = PBXFileReference; fileEncoding = 4; lastKnownFileType = sourcecode.c.h; path = TextureFit.h; sourceTree = "<group>"; };
		32CF6C2F1FBD1E31008B77C9 /* TextView.h */ = {isa = PBXFileReference; fileEncoding = 4; lastKnownFileType = sourcecode.c.h; path = TextView.h; sourceTree = "<group>"; };
		32CF6C311FBD1E31008B77C9 /* _Button.cpp */ = {isa = PBXFileReference; fileEncoding = 4; lastKnownFileType = sourcecode.cpp.cpp; path = _Button.cpp; sourceTree = "<group>"; };
		32CF6C321FBD1E31008B77C9 /* _ButtonSet.cpp */ = {isa = PBXFileReference; fileEncoding = 4; lastKnownFileType = sourcecode.cpp.cpp; path = _ButtonSet.cpp; sourceTree = "<group>"; };
		32CF6C331FBD1E31008B77C9 /* _ScrollView.cpp */ = {isa = PBXFileReference; fileEncoding = 4; lastKnownFileType = sourcecode.cpp.cpp; path = _ScrollView.cpp; sourceTree = "<group>"; };
		32CF6C341FBD1E31008B77C9 /* Button.h */ = {isa = PBXFileReference; fileEncoding = 4; lastKnownFileType = sourcecode.c.h; path = Button.h; sourceTree = "<group>"; };
		32CF6C351FBD1E31008B77C9 /* ButtonSet.h */ = {isa = PBXFileReference; fileEncoding = 4; lastKnownFileType = sourcecode.c.h; path = ButtonSet.h; sourceTree = "<group>"; };
		32CF6C361FBD1E31008B77C9 /* ScrollView.h */ = {isa = PBXFileReference; fileEncoding = 4; lastKnownFileType = sourcecode.c.h; path = ScrollView.h; sourceTree = "<group>"; };
		32CF6C371FBD1E31008B77C9 /* VideoView.h */ = {isa = PBXFileReference; fileEncoding = 4; lastKnownFileType = sourcecode.c.h; path = VideoView.h; sourceTree = "<group>"; };
		32CF6C381FBD1E31008B77C9 /* View.h */ = {isa = PBXFileReference; fileEncoding = 4; lastKnownFileType = sourcecode.c.h; path = View.h; sourceTree = "<group>"; };
		32CF6C391FBD1E31008B77C9 /* ViewController.h */ = {isa = PBXFileReference; fileEncoding = 4; lastKnownFileType = sourcecode.c.h; path = ViewController.h; sourceTree = "<group>"; };
		32CF6C3A1FBD1E31008B77C9 /* ViewEvents.h */ = {isa = PBXFileReference; fileEncoding = 4; lastKnownFileType = sourcecode.c.h; path = ViewEvents.h; sourceTree = "<group>"; };
		32CF7DB41FBD1F56008B77C9 /* SpriteView.h */ = {isa = PBXFileReference; fileEncoding = 4; lastKnownFileType = sourcecode.c.h; path = SpriteView.h; sourceTree = "<group>"; };
		32CF7DB51FBD1F56008B77C9 /* SpriteView.cpp */ = {isa = PBXFileReference; fileEncoding = 4; lastKnownFileType = sourcecode.cpp.cpp; path = SpriteView.cpp; sourceTree = "<group>"; };
		32CF80C81FBD2392008B77C9 /* AVFoundation.framework */ = {isa = PBXFileReference; lastKnownFileType = wrapper.framework; name = AVFoundation.framework; path = System/Library/Frameworks/AVFoundation.framework; sourceTree = SDKROOT; };
		32CF80C91FBD239D008B77C9 /* CoreMedia.framework */ = {isa = PBXFileReference; lastKnownFileType = wrapper.framework; name = CoreMedia.framework; path = System/Library/Frameworks/CoreMedia.framework; sourceTree = SDKROOT; };
		32CF80CA1FBD23A3008B77C9 /* Accelerate.framework */ = {isa = PBXFileReference; lastKnownFileType = wrapper.framework; name = Accelerate.framework; path = System/Library/Frameworks/Accelerate.framework; sourceTree = SDKROOT; };
		32CF80CB1FBD23AD008B77C9 /* AudioToolbox.framework */ = {isa = PBXFileReference; lastKnownFileType = wrapper.framework; name = AudioToolbox.framework; path = System/Library/Frameworks/AudioToolbox.framework; sourceTree = SDKROOT; };
		32CF80CC1FBD23B3008B77C9 /* AudioUnit.framework */ = {isa = PBXFileReference; lastKnownFileType = wrapper.framework; name = AudioUnit.framework; path = System/Library/Frameworks/AudioUnit.framework; sourceTree = SDKROOT; };
		32CF80CD1FBD23B9008B77C9 /* CoreAudio.framework */ = {isa = PBXFileReference; lastKnownFileType = wrapper.framework; name = CoreAudio.framework; path = System/Library/Frameworks/CoreAudio.framework; sourceTree = SDKROOT; };
		32CF80CE1FBD23C2008B77C9 /* CoreVideo.framework */ = {isa = PBXFileReference; lastKnownFileType = wrapper.framework; name = CoreVideo.framework; path = System/Library/Frameworks/CoreVideo.framework; sourceTree = SDKROOT; };
		32CF80CF1FBD23C8008B77C9 /* OpenGL.framework */ = {isa = PBXFileReference; lastKnownFileType = wrapper.framework; name = OpenGL.framework; path = System/Library/Frameworks/OpenGL.framework; sourceTree = SDKROOT; };
		32CF80D01FBD23CD008B77C9 /* Cocoa.framework */ = {isa = PBXFileReference; lastKnownFileType = wrapper.framework; name = Cocoa.framework; path = System/Library/Frameworks/Cocoa.framework; sourceTree = SDKROOT; };
		32CF80D11FBD23D2008B77C9 /* IOKit.framework */ = {isa = PBXFileReference; lastKnownFileType = wrapper.framework; name = IOKit.framework; path = System/Library/Frameworks/IOKit.framework; sourceTree = SDKROOT; };
		32CF80D21FBD23D8008B77C9 /* IOSurface.framework */ = {isa = PBXFileReference; lastKnownFileType = wrapper.framework; name = IOSurface.framework; path = System/Library/Frameworks/IOSurface.framework; sourceTree = SDKROOT; };
		32CF80D31FBD23E0008B77C9 /* AppKit.framework */ = {isa = PBXFileReference; lastKnownFileType = wrapper.framework; name = AppKit.framework; path = System/Library/Frameworks/AppKit.framework; sourceTree = SDKROOT; };
		32CF80D41FBD23E7008B77C9 /* Foundation.framework */ = {isa = PBXFileReference; lastKnownFileType = wrapper.framework; name = Foundation.framework; path = System/Library/Frameworks/Foundation.framework; sourceTree = SDKROOT; };
		5BFC9157FFD4442190F847B6 /* SpritesheetFrame_Prefix.pch */ = {isa = PBXFileReference; lastKnownFileType = "\"\""; path = SpritesheetFrame_Prefix.pch; sourceTree = "<group>"; };
		8D1107320486CEB800E47090 /* SpritesheetFrame.app */ = {isa = PBXFileReference; explicitFileType = wrapper.application; includeInIndex = 0; path = SpritesheetFrame.app; sourceTree = BUILT_PRODUCTS_DIR; };
		91B192C5293A48619DC990CB /* poSpritesheet.cpp */ = {isa = PBXFileReference; lastKnownFileType = sourcecode.c.cpp; name = poSpritesheet.cpp; path = ../../../src/poSpritesheet/poSpritesheet.cpp; sourceTree = "<group>"; };
		B7BA6CE142764ABBB6EE119E /* poSpritesheet.h */ = {isa = PBXFileReference; lastKnownFileType = sourcecode.c.h; name = poSpritesheet.h; path = ../../../src/poSpritesheet/poSpritesheet.h; sourceTree = "<group>"; };
		BE3CC855F5384AD8BE90954A /* Resources.h */ = {isa = PBXFileReference; lastKnownFileType = sourcecode.c.h; name = Resources.h; path = ../include/Resources.h; sourceTree = "<group>"; };
		DA2B980F1B4F447D9310E27F /* SpritesheetFrameApp.cpp */ = {isa = PBXFileReference; lastKnownFileType = sourcecode.c.cpp; name = SpritesheetFrameApp.cpp; path = ../src/SpritesheetFrameApp.cpp; sourceTree = "<group>"; };
		E029426EFE384A9B9B86D122 /* poSpritesheetAnimation.h */ = {isa = PBXFileReference; lastKnownFileType = sourcecode.c.h; name = poSpritesheetAnimation.h; path = ../../../src/poSpritesheet/poSpritesheetAnimation.h; sourceTree = "<group>"; };
		E340C27B87334ACBB3B3C422 /* CinderApp.icns */ = {isa = PBXFileReference; lastKnownFileType = image.icns; name = CinderApp.icns; path = ../resources/CinderApp.icns; sourceTree = "<group>"; };
		F95AC0EC0481466CA224133A /* Info.plist */ = {isa = PBXFileReference; lastKnownFileType = text.plist.xml; path = Info.plist; sourceTree = "<group>"; };
/* End PBXFileReference section */

/* Begin PBXFrameworksBuildPhase section */
		8D11072E0486CEB800E47090 /* Frameworks */ = {
			isa = PBXFrameworksBuildPhase;
			buildActionMask = 2147483647;
			files = (
				32CF80EC1FBD2471008B77C9 /* IOSurface.framework in Frameworks */,
				32CF80ED1FBD2471008B77C9 /* IOKit.framework in Frameworks */,
				32CF80EE1FBD2471008B77C9 /* Cocoa.framework in Frameworks */,
				32CF80EF1FBD2471008B77C9 /* OpenGL.framework in Frameworks */,
				32CF80F01FBD2471008B77C9 /* CoreVideo.framework in Frameworks */,
				32CF80F11FBD2471008B77C9 /* CoreAudio.framework in Frameworks */,
				32CF80F21FBD2471008B77C9 /* AudioUnit.framework in Frameworks */,
				32CF80F31FBD2471008B77C9 /* AudioToolbox.framework in Frameworks */,
				32CF80F41FBD2471008B77C9 /* Accelerate.framework in Frameworks */,
				32CF80F51FBD2471008B77C9 /* CoreMedia.framework in Frameworks */,
				32CF80F61FBD2471008B77C9 /* AVFoundation.framework in Frameworks */,
			);
			runOnlyForDeploymentPostprocessing = 0;
		};
/* End PBXFrameworksBuildPhase section */

/* Begin PBXGroup section */
		01B97315FEAEA392516A2CEA /* Blocks */ = {
			isa = PBXGroup;
			children = (
				32CF593A1FBD1E23008B77C9 /* Cinder-poScene */,
				191FEE39558D4CCF8AC986B8 /* poSpritesheet */,
			);
			name = Blocks;
			sourceTree = "<group>";
		};
		080E96DDFE201D6D7F000001 /* Source */ = {
			isa = PBXGroup;
			children = (
				DA2B980F1B4F447D9310E27F /* SpritesheetFrameApp.cpp */,
			);
			name = Source;
			sourceTree = "<group>";
		};
		191FEE39558D4CCF8AC986B8 /* poSpritesheet */ = {
			isa = PBXGroup;
			children = (
				3273ADE698FA4EF0A39922AF /* src */,
			);
			name = poSpritesheet;
			sourceTree = "<group>";
		};
		19C28FACFE9D520D11CA2CBB /* Products */ = {
			isa = PBXGroup;
			children = (
				8D1107320486CEB800E47090 /* SpritesheetFrame.app */,
			);
			name = Products;
			sourceTree = "<group>";
		};
		29B97314FDCFA39411CA2CEA /* SpritesheetFrame */ = {
			isa = PBXGroup;
			children = (
				01B97315FEAEA392516A2CEA /* Blocks */,
				29B97315FDCFA39411CA2CEA /* Headers */,
				080E96DDFE201D6D7F000001 /* Source */,
				29B97317FDCFA39411CA2CEA /* Resources */,
				29B97323FDCFA39411CA2CEA /* Frameworks */,
				19C28FACFE9D520D11CA2CBB /* Products */,
			);
			name = SpritesheetFrame;
			sourceTree = "<group>";
		};
		29B97315FDCFA39411CA2CEA /* Headers */ = {
			isa = PBXGroup;
			children = (
				BE3CC855F5384AD8BE90954A /* Resources.h */,
				5BFC9157FFD4442190F847B6 /* SpritesheetFrame_Prefix.pch */,
			);
			name = Headers;
			sourceTree = "<group>";
		};
		29B97317FDCFA39411CA2CEA /* Resources */ = {
			isa = PBXGroup;
			children = (
				E340C27B87334ACBB3B3C422 /* CinderApp.icns */,
				F95AC0EC0481466CA224133A /* Info.plist */,
			);
			name = Resources;
			sourceTree = "<group>";
		};
		29B97323FDCFA39411CA2CEA /* Frameworks */ = {
			isa = PBXGroup;
			children = (
				32CF80EB1FBD2404008B77C9 /* Other Frameworks */,
				32CF80C71FBD230F008B77C9 /* Linked Frameworks */,
			);
			name = Frameworks;
			sourceTree = "<group>";
		};
		3273ADE698FA4EF0A39922AF /* src */ = {
			isa = PBXGroup;
			children = (
				AAF4EF911C485D1700D50D5A /* poScene */,
				483835CCA1C14D39A5029D2F /* poSpritesheet */,
			);
			name = src;
			sourceTree = "<group>";
		};
		32CF593A1FBD1E23008B77C9 /* Cinder-poScene */ = {
			isa = PBXGroup;
			children = (
				32CF6C191FBD1E31008B77C9 /* src */,
			);
			name = "Cinder-poScene";
			path = "../../../../Cinder-poScene";
			sourceTree = "<group>";
		};
		32CF6C191FBD1E31008B77C9 /* src */ = {
			isa = PBXGroup;
			children = (
				32CF6C1A1FBD1E31008B77C9 /* poScene */,
			);
			path = src;
			sourceTree = "<group>";
		};
		32CF6C1A1FBD1E31008B77C9 /* poScene */ = {
			isa = PBXGroup;
			children = (
				32CF6C1B1FBD1E31008B77C9 /* _DragAndDrop.cpp */,
				32CF6C1C1FBD1E31008B77C9 /* _DraggableView.cpp */,
				32CF6C1D1FBD1E31008B77C9 /* _EventCenter.cpp */,
				32CF6C1E1FBD1E31008B77C9 /* _Events.cpp */,
				32CF6C1F1FBD1E31008B77C9 /* _ImageView.cpp */,
				32CF6C201FBD1E31008B77C9 /* _MatrixSet.cpp */,
				32CF6C211FBD1E31008B77C9 /* _Scene.cpp */,
				32CF6C221FBD1E31008B77C9 /* _ShapeView.cpp */,
				32CF6C231FBD1E31008B77C9 /* _TextView.cpp */,
				32CF6C241FBD1E31008B77C9 /* _View.cpp */,
				32CF6C251FBD1E31008B77C9 /* _ViewController.cpp */,
				32CF6C261FBD1E31008B77C9 /* DragAndDrop.h */,
				32CF6C271FBD1E31008B77C9 /* DraggableView.h */,
				32CF6C281FBD1E31008B77C9 /* EventCenter.h */,
				32CF6C291FBD1E31008B77C9 /* Events.h */,
				32CF6C2A1FBD1E31008B77C9 /* ImageView.h */,
				32CF6C2B1FBD1E31008B77C9 /* MatrixSet.h */,
				32CF6C2C1FBD1E31008B77C9 /* Scene.h */,
				32CF6C2D1FBD1E31008B77C9 /* ShapeView.h */,
				32CF6C2E1FBD1E31008B77C9 /* TextureFit.h */,
				32CF6C2F1FBD1E31008B77C9 /* TextView.h */,
				32CF6C301FBD1E31008B77C9 /* ui */,
				32CF6C371FBD1E31008B77C9 /* VideoView.h */,
				32CF6C381FBD1E31008B77C9 /* View.h */,
				32CF6C391FBD1E31008B77C9 /* ViewController.h */,
				32CF6C3A1FBD1E31008B77C9 /* ViewEvents.h */,
			);
			path = poScene;
			sourceTree = "<group>";
		};
		32CF6C301FBD1E31008B77C9 /* ui */ = {
			isa = PBXGroup;
			children = (
				32CF6C311FBD1E31008B77C9 /* _Button.cpp */,
				32CF6C321FBD1E31008B77C9 /* _ButtonSet.cpp */,
				32CF6C331FBD1E31008B77C9 /* _ScrollView.cpp */,
				32CF6C341FBD1E31008B77C9 /* Button.h */,
				32CF6C351FBD1E31008B77C9 /* ButtonSet.h */,
				32CF6C361FBD1E31008B77C9 /* ScrollView.h */,
			);
			path = ui;
			sourceTree = "<group>";
		};
		32CF80C71FBD230F008B77C9 /* Linked Frameworks */ = {
			isa = PBXGroup;
			children = (
				32CF80D21FBD23D8008B77C9 /* IOSurface.framework */,
				32CF80D11FBD23D2008B77C9 /* IOKit.framework */,
				32CF80D01FBD23CD008B77C9 /* Cocoa.framework */,
				32CF80CF1FBD23C8008B77C9 /* OpenGL.framework */,
				32CF80CE1FBD23C2008B77C9 /* CoreVideo.framework */,
				32CF80CD1FBD23B9008B77C9 /* CoreAudio.framework */,
				32CF80CC1FBD23B3008B77C9 /* AudioUnit.framework */,
				32CF80CB1FBD23AD008B77C9 /* AudioToolbox.framework */,
				32CF80CA1FBD23A3008B77C9 /* Accelerate.framework */,
				32CF80C91FBD239D008B77C9 /* CoreMedia.framework */,
				32CF80C81FBD2392008B77C9 /* AVFoundation.framework */,
			);
			name = "Linked Frameworks";
			sourceTree = "<group>";
		};
		32CF80EB1FBD2404008B77C9 /* Other Frameworks */ = {
			isa = PBXGroup;
			children = (
				32CF80D41FBD23E7008B77C9 /* Foundation.framework */,
				32CF80D31FBD23E0008B77C9 /* AppKit.framework */,
			);
			name = "Other Frameworks";
			sourceTree = "<group>";
		};
		483835CCA1C14D39A5029D2F /* poSpritesheet */ = {
			isa = PBXGroup;
			children = (
				B7BA6CE142764ABBB6EE119E /* poSpritesheet.h */,
				91B192C5293A48619DC990CB /* poSpritesheet.cpp */,
				E029426EFE384A9B9B86D122 /* poSpritesheetAnimation.h */,
				27C780B5CB3B43738BDF2C24 /* poSpritesheetAnimation.cpp */,
			);
			name = poSpritesheet;
			sourceTree = "<group>";
		};
		AAF4EF911C485D1700D50D5A /* poScene */ = {
			isa = PBXGroup;
			children = (
				32CF7DB51FBD1F56008B77C9 /* SpriteView.cpp */,
				32CF7DB41FBD1F56008B77C9 /* SpriteView.h */,
			);
			name = poScene;
			path = ../../../src/poScene;
			sourceTree = "<group>";
		};
/* End PBXGroup section */

/* Begin PBXNativeTarget section */
		8D1107260486CEB800E47090 /* SpritesheetFrame */ = {
			isa = PBXNativeTarget;
			buildConfigurationList = C01FCF4A08A954540054247B /* Build configuration list for PBXNativeTarget "SpritesheetFrame" */;
			buildPhases = (
				8D1107290486CEB800E47090 /* Resources */,
				8D11072C0486CEB800E47090 /* Sources */,
				8D11072E0486CEB800E47090 /* Frameworks */,
			);
			buildRules = (
			);
			dependencies = (
			);
			name = SpritesheetFrame;
			productInstallPath = "$(HOME)/Applications";
			productName = SpritesheetFrame;
			productReference = 8D1107320486CEB800E47090 /* SpritesheetFrame.app */;
			productType = "com.apple.product-type.application";
		};
/* End PBXNativeTarget section */

/* Begin PBXProject section */
		29B97313FDCFA39411CA2CEA /* Project object */ = {
			isa = PBXProject;
			attributes = {
				LastUpgradeCheck = 0910;
			};
			buildConfigurationList = C01FCF4E08A954540054247B /* Build configuration list for PBXProject "SpritesheetFrame" */;
			compatibilityVersion = "Xcode 3.2";
			developmentRegion = English;
			hasScannedForEncodings = 1;
			knownRegions = (
				English,
				Japanese,
				French,
				German,
			);
			mainGroup = 29B97314FDCFA39411CA2CEA /* SpritesheetFrame */;
			projectDirPath = "";
			projectRoot = "";
			targets = (
				8D1107260486CEB800E47090 /* SpritesheetFrame */,
			);
		};
/* End PBXProject section */

/* Begin PBXResourcesBuildPhase section */
		8D1107290486CEB800E47090 /* Resources */ = {
			isa = PBXResourcesBuildPhase;
			buildActionMask = 2147483647;
			files = (
				E57E37A6BBA8406EA8D1F737 /* CinderApp.icns in Resources */,
			);
			runOnlyForDeploymentPostprocessing = 0;
		};
/* End PBXResourcesBuildPhase section */

/* Begin PBXSourcesBuildPhase section */
		8D11072C0486CEB800E47090 /* Sources */ = {
			isa = PBXSourcesBuildPhase;
			buildActionMask = 2147483647;
			files = (
				32CF7DA71FBD1E37008B77C9 /* _Button.cpp in Sources */,
				32CF7DA31FBD1E37008B77C9 /* _ShapeView.cpp in Sources */,
				32CF7D9D1FBD1E37008B77C9 /* _DraggableView.cpp in Sources */,
				32CF7DA01FBD1E37008B77C9 /* _ImageView.cpp in Sources */,
				32CF7DA81FBD1E37008B77C9 /* _ButtonSet.cpp in Sources */,
				32CF7DB61FBD1F56008B77C9 /* SpriteView.cpp in Sources */,
				32CF7D9F1FBD1E37008B77C9 /* _Events.cpp in Sources */,
				5CB8F741B7334295BFEBD155 /* SpritesheetFrameApp.cpp in Sources */,
				32CF7DA91FBD1E37008B77C9 /* _ScrollView.cpp in Sources */,
				607681B84D284AB9A1224E40 /* poSpritesheet.cpp in Sources */,
				32CF7DA41FBD1E37008B77C9 /* _TextView.cpp in Sources */,
				32CF7DA21FBD1E37008B77C9 /* _Scene.cpp in Sources */,
				32CF7DA61FBD1E37008B77C9 /* _ViewController.cpp in Sources */,
				32CF7DA11FBD1E37008B77C9 /* _MatrixSet.cpp in Sources */,
				32CF7D9E1FBD1E37008B77C9 /* _EventCenter.cpp in Sources */,
				236FA03DAEDE4E09BCCDE575 /* poSpritesheetAnimation.cpp in Sources */,
				32CF7D9C1FBD1E37008B77C9 /* _DragAndDrop.cpp in Sources */,
				32CF7DA51FBD1E37008B77C9 /* _View.cpp in Sources */,
			);
			runOnlyForDeploymentPostprocessing = 0;
		};
/* End PBXSourcesBuildPhase section */

/* Begin XCBuildConfiguration section */
		C01FCF4B08A954540054247B /* Debug */ = {
			isa = XCBuildConfiguration;
			buildSettings = {
				COMBINE_HIDPI_IMAGES = YES;
				COPY_PHASE_STRIP = NO;
				DEAD_CODE_STRIPPING = YES;
				GCC_DYNAMIC_NO_PIC = NO;
				GCC_INLINES_ARE_PRIVATE_EXTERN = YES;
				GCC_OPTIMIZATION_LEVEL = 0;
				GCC_PRECOMPILE_PREFIX_HEADER = YES;
				GCC_PREFIX_HEADER = SpritesheetFrame_Prefix.pch;
				GCC_PREPROCESSOR_DEFINITIONS = (
					"DEBUG=1",
					"$(inherited)",
				);
				GCC_SYMBOLS_PRIVATE_EXTERN = NO;
				INFOPLIST_FILE = Info.plist;
				INSTALL_PATH = "$(HOME)/Applications";
				OTHER_LDFLAGS = "\"$(CINDER_PATH)/lib/macosx/Debug/libcinder.a\"";
				PRODUCT_BUNDLE_IDENTIFIER = "org.libcinder.${PRODUCT_NAME:rfc1034identifier}";
				PRODUCT_NAME = SpritesheetFrame;
				SYMROOT = ./build;
				WRAPPER_EXTENSION = app;
			};
			name = Debug;
		};
		C01FCF4C08A954540054247B /* Release */ = {
			isa = XCBuildConfiguration;
			buildSettings = {
				COMBINE_HIDPI_IMAGES = YES;
				DEAD_CODE_STRIPPING = YES;
				DEBUG_INFORMATION_FORMAT = "dwarf-with-dsym";
				GCC_FAST_MATH = YES;
				GCC_GENERATE_DEBUGGING_SYMBOLS = NO;
				GCC_INLINES_ARE_PRIVATE_EXTERN = YES;
				GCC_OPTIMIZATION_LEVEL = 3;
				GCC_PRECOMPILE_PREFIX_HEADER = YES;
				GCC_PREFIX_HEADER = SpritesheetFrame_Prefix.pch;
				GCC_PREPROCESSOR_DEFINITIONS = (
					"NDEBUG=1",
					"$(inherited)",
				);
				GCC_SYMBOLS_PRIVATE_EXTERN = NO;
				INFOPLIST_FILE = Info.plist;
				INSTALL_PATH = "$(HOME)/Applications";
				OTHER_LDFLAGS = "\"$(CINDER_PATH)/lib/macosx/Release/libcinder.a\"";
				PRODUCT_BUNDLE_IDENTIFIER = "org.libcinder.${PRODUCT_NAME:rfc1034identifier}";
				PRODUCT_NAME = SpritesheetFrame;
				STRIP_INSTALLED_PRODUCT = YES;
				SYMROOT = ./build;
				WRAPPER_EXTENSION = app;
			};
			name = Release;
		};
		C01FCF4F08A954540054247B /* Debug */ = {
			isa = XCBuildConfiguration;
			buildSettings = {
				ALWAYS_SEARCH_USER_PATHS = YES;
				CINDER_PATH = ../../../../..;
				CLANG_ANALYZER_LOCALIZABILITY_NONLOCALIZED = YES;
				CLANG_CXX_LANGUAGE_STANDARD = "c++0x";
				CLANG_CXX_LIBRARY = "libc++";
				CLANG_WARN_BLOCK_CAPTURE_AUTORELEASING = YES;
				CLANG_WARN_BOOL_CONVERSION = YES;
				CLANG_WARN_COMMA = YES;
				CLANG_WARN_CONSTANT_CONVERSION = YES;
				CLANG_WARN_EMPTY_BODY = YES;
				CLANG_WARN_ENUM_CONVERSION = YES;
				CLANG_WARN_INFINITE_RECURSION = YES;
				CLANG_WARN_INT_CONVERSION = YES;
				CLANG_WARN_NON_LITERAL_NULL_CONVERSION = YES;
				CLANG_WARN_OBJC_LITERAL_CONVERSION = YES;
				CLANG_WARN_RANGE_LOOP_ANALYSIS = YES;
				CLANG_WARN_STRICT_PROTOTYPES = YES;
				CLANG_WARN_SUSPICIOUS_MOVE = YES;
				CLANG_WARN_UNREACHABLE_CODE = YES;
				CLANG_WARN__DUPLICATE_METHOD_MATCH = YES;
				ENABLE_STRICT_OBJC_MSGSEND = YES;
				ENABLE_TESTABILITY = YES;
				GCC_NO_COMMON_BLOCKS = YES;
				GCC_WARN_64_TO_32_BIT_CONVERSION = YES;
				GCC_WARN_ABOUT_RETURN_TYPE = YES;
				GCC_WARN_UNDECLARED_SELECTOR = YES;
				GCC_WARN_UNINITIALIZED_AUTOS = YES;
				GCC_WARN_UNUSED_FUNCTION = YES;
				GCC_WARN_UNUSED_VARIABLE = YES;
				HEADER_SEARCH_PATHS = (
					"\"$(CINDER_PATH)/boost\"",
					"\"$(POSCENE_PATH)/src\"",
					"\"$(POSCENE_PATH)\"",
				);
				MACOSX_DEPLOYMENT_TARGET = 10.8;
				ONLY_ACTIVE_ARCH = YES;
				POSCENE_PATH = "../../../../Cinder-poScene";
				SDKROOT = macosx;
				USER_HEADER_SEARCH_PATHS = "\"$(CINDER_PATH)/include\" ../include ../../../src/poSpritesheet";
			};
			name = Debug;
		};
		C01FCF5008A954540054247B /* Release */ = {
			isa = XCBuildConfiguration;
			buildSettings = {
				ALWAYS_SEARCH_USER_PATHS = YES;
				CINDER_PATH = ../../../../..;
				CLANG_ANALYZER_LOCALIZABILITY_NONLOCALIZED = YES;
				CLANG_CXX_LANGUAGE_STANDARD = "c++0x";
				CLANG_CXX_LIBRARY = "libc++";
				CLANG_WARN_BLOCK_CAPTURE_AUTORELEASING = YES;
				CLANG_WARN_BOOL_CONVERSION = YES;
				CLANG_WARN_COMMA = YES;
				CLANG_WARN_CONSTANT_CONVERSION = YES;
				CLANG_WARN_EMPTY_BODY = YES;
				CLANG_WARN_ENUM_CONVERSION = YES;
				CLANG_WARN_INFINITE_RECURSION = YES;
				CLANG_WARN_INT_CONVERSION = YES;
				CLANG_WARN_NON_LITERAL_NULL_CONVERSION = YES;
				CLANG_WARN_OBJC_LITERAL_CONVERSION = YES;
				CLANG_WARN_RANGE_LOOP_ANALYSIS = YES;
				CLANG_WARN_STRICT_PROTOTYPES = YES;
				CLANG_WARN_SUSPICIOUS_MOVE = YES;
				CLANG_WARN_UNREACHABLE_CODE = YES;
				CLANG_WARN__DUPLICATE_METHOD_MATCH = YES;
				ENABLE_STRICT_OBJC_MSGSEND = YES;
				GCC_NO_COMMON_BLOCKS = YES;
				GCC_WARN_64_TO_32_BIT_CONVERSION = YES;
				GCC_WARN_ABOUT_RETURN_TYPE = YES;
				GCC_WARN_UNDECLARED_SELECTOR = YES;
				GCC_WARN_UNINITIALIZED_AUTOS = YES;
				GCC_WARN_UNUSED_FUNCTION = YES;
				GCC_WARN_UNUSED_VARIABLE = YES;
				HEADER_SEARCH_PATHS = (
					"\"$(CINDER_PATH)/boost\"",
					"\"$(POSCENE_PATH)/src\"",
					"\"$(POSCENE_PATH)\"",
				);
				MACOSX_DEPLOYMENT_TARGET = 10.8;
				POSCENE_PATH = "../../../../Cinder-poScene";
				SDKROOT = macosx;
				USER_HEADER_SEARCH_PATHS = "\"$(CINDER_PATH)/include\" ../include ../../../src/poSpritesheet";
			};
			name = Release;
		};
/* End XCBuildConfiguration section */

/* Begin XCConfigurationList section */
		C01FCF4A08A954540054247B /* Build configuration list for PBXNativeTarget "SpritesheetFrame" */ = {
			isa = XCConfigurationList;
			buildConfigurations = (
				C01FCF4B08A954540054247B /* Debug */,
				C01FCF4C08A954540054247B /* Release */,
			);
			defaultConfigurationIsVisible = 0;
			defaultConfigurationName = Release;
		};
		C01FCF4E08A954540054247B /* Build configuration list for PBXProject "SpritesheetFrame" */ = {
			isa = XCConfigurationList;
			buildConfigurations = (
				C01FCF4F08A954540054247B /* Debug */,
				C01FCF5008A954540054247B /* Release */,
			);
			defaultConfigurationIsVisible = 0;
			defaultConfigurationName = Release;
		};
/* End XCConfigurationList section */
	};
	rootObject = 29B97313FDCFA39411CA2CEA /* Project object */;
}
